// !$*UTF8*$!
{
	archiveVersion = 1;
	classes = {
	};
	objectVersion = 55;
	objects = {

/* Begin PBXBuildFile section */
		8D99590127EFCC5E00992176 /* main.cpp in Sources */ = {isa = PBXBuildFile; fileRef = 8D9F487327E6EF00005E7204 /* main.cpp */; };
		8D99590227EFCCF300992176 /* price4.cpp in Sources */ = {isa = PBXBuildFile; fileRef = 8DA3E42A27E6AE8B009B7DC0 /* price4.cpp */; };
		8D9F487E27EFB1BB005E7204 /* price4_unittest.cpp in Sources */ = {isa = PBXBuildFile; fileRef = 8DA3E45427E6BD55009B7DC0 /* price4_unittest.cpp */; };
		8DA3E43627E6B03A009B7DC0 /* datapublisher.cpp in Sources */ = {isa = PBXBuildFile; fileRef = 8DA3E42927E6AE8B009B7DC0 /* datapublisher.cpp */; };
		8DA3E43827E6B03A009B7DC0 /* matchingengine.cpp in Sources */ = {isa = PBXBuildFile; fileRef = 8DA3E42B27E6AE8B009B7DC0 /* matchingengine.cpp */; };
		8DA3E43927E6B03A009B7DC0 /* order.cpp in Sources */ = {isa = PBXBuildFile; fileRef = 8DA3E42C27E6AE8B009B7DC0 /* order.cpp */; };
		8DA3E43A27E6B03A009B7DC0 /* price4.cpp in Sources */ = {isa = PBXBuildFile; fileRef = 8DA3E42A27E6AE8B009B7DC0 /* price4.cpp */; };
/* End PBXBuildFile section */

/* Begin PBXCopyFilesBuildPhase section */
		8D81CBB527D538AA00031DCA /* CopyFiles */ = {
			isa = PBXCopyFilesBuildPhase;
			buildActionMask = 2147483647;
			dstPath = /usr/share/man/man1/;
			dstSubfolderSpec = 0;
			files = (
			);
			runOnlyForDeploymentPostprocessing = 1;
		};
		8DA3E44B27E6BC5D009B7DC0 /* CopyFiles */ = {
			isa = PBXCopyFilesBuildPhase;
			buildActionMask = 2147483647;
			dstPath = /usr/share/man/man1/;
			dstSubfolderSpec = 0;
			files = (
			);
			runOnlyForDeploymentPostprocessing = 1;
		};
/* End PBXCopyFilesBuildPhase section */

/* Begin PBXFileReference section */
		8D81CBB727D538AA00031DCA /* FinancialExchange */ = {isa = PBXFileReference; explicitFileType = "compiled.mach-o.executable"; includeInIndex = 0; path = FinancialExchange; sourceTree = BUILT_PRODUCTS_DIR; };
		8D9F487327E6EF00005E7204 /* main.cpp */ = {isa = PBXFileReference; fileEncoding = 4; lastKnownFileType = sourcecode.cpp.cpp; path = main.cpp; sourceTree = "<group>"; };
		8DA3E42927E6AE8B009B7DC0 /* datapublisher.cpp */ = {isa = PBXFileReference; fileEncoding = 4; lastKnownFileType = sourcecode.cpp.cpp; path = datapublisher.cpp; sourceTree = "<group>"; };
		8DA3E42A27E6AE8B009B7DC0 /* price4.cpp */ = {isa = PBXFileReference; fileEncoding = 4; lastKnownFileType = sourcecode.cpp.cpp; path = price4.cpp; sourceTree = "<group>"; };
		8DA3E42B27E6AE8B009B7DC0 /* matchingengine.cpp */ = {isa = PBXFileReference; fileEncoding = 4; lastKnownFileType = sourcecode.cpp.cpp; path = matchingengine.cpp; sourceTree = "<group>"; };
		8DA3E42C27E6AE8B009B7DC0 /* order.cpp */ = {isa = PBXFileReference; fileEncoding = 4; lastKnownFileType = sourcecode.cpp.cpp; path = order.cpp; sourceTree = "<group>"; };
		8DA3E44127E6B2FF009B7DC0 /* matchingengine.hpp */ = {isa = PBXFileReference; fileEncoding = 4; lastKnownFileType = sourcecode.cpp.h; path = matchingengine.hpp; sourceTree = "<group>"; };
		8DA3E44227E6B2FF009B7DC0 /* price4.hpp */ = {isa = PBXFileReference; fileEncoding = 4; lastKnownFileType = sourcecode.cpp.h; path = price4.hpp; sourceTree = "<group>"; };
		8DA3E44327E6B2FF009B7DC0 /* order.hpp */ = {isa = PBXFileReference; fileEncoding = 4; lastKnownFileType = sourcecode.cpp.h; path = order.hpp; sourceTree = "<group>"; };
		8DA3E44427E6B2FF009B7DC0 /* datapublisher.hpp */ = {isa = PBXFileReference; fileEncoding = 4; lastKnownFileType = sourcecode.cpp.h; path = datapublisher.hpp; sourceTree = "<group>"; };
		8DA3E44D27E6BC5D009B7DC0 /* Unittest */ = {isa = PBXFileReference; explicitFileType = "compiled.mach-o.executable"; includeInIndex = 0; path = Unittest; sourceTree = BUILT_PRODUCTS_DIR; };
		8DA3E45427E6BD55009B7DC0 /* price4_unittest.cpp */ = {isa = PBXFileReference; fileEncoding = 4; lastKnownFileType = sourcecode.cpp.cpp; path = price4_unittest.cpp; sourceTree = "<group>"; };
/* End PBXFileReference section */

/* Begin PBXFrameworksBuildPhase section */
		8D81CBB427D538AA00031DCA /* Frameworks */ = {
			isa = PBXFrameworksBuildPhase;
			buildActionMask = 2147483647;
			files = (
			);
			runOnlyForDeploymentPostprocessing = 0;
		};
		8DA3E44A27E6BC5D009B7DC0 /* Frameworks */ = {
			isa = PBXFrameworksBuildPhase;
			buildActionMask = 2147483647;
			files = (
			);
			runOnlyForDeploymentPostprocessing = 0;
		};
/* End PBXFrameworksBuildPhase section */

/* Begin PBXGroup section */
		8D81CBAE27D538AA00031DCA = {
			isa = PBXGroup;
			children = (
				8D81CBB927D538AA00031DCA /* FinancialExchange */,
				8DA3E44E27E6BC5D009B7DC0 /* Unittest */,
				8D81CBB827D538AA00031DCA /* Products */,
				8DA3E44827E6B7C4009B7DC0 /* Frameworks */,
			);
			sourceTree = "<group>";
		};
		8D81CBB827D538AA00031DCA /* Products */ = {
			isa = PBXGroup;
			children = (
				8D81CBB727D538AA00031DCA /* FinancialExchange */,
				8DA3E44D27E6BC5D009B7DC0 /* Unittest */,
			);
			name = Products;
			sourceTree = "<group>";
		};
		8D81CBB927D538AA00031DCA /* FinancialExchange */ = {
			isa = PBXGroup;
			children = (
				8D9F487927EF9092005E7204 /* src */,
				8D9F487827EF906C005E7204 /* include */,
			);
			path = FinancialExchange;
			sourceTree = "<group>";
		};
		8D9F487827EF906C005E7204 /* include */ = {
			isa = PBXGroup;
			children = (
				8DA3E44427E6B2FF009B7DC0 /* datapublisher.hpp */,
				8DA3E44127E6B2FF009B7DC0 /* matchingengine.hpp */,
				8DA3E44327E6B2FF009B7DC0 /* order.hpp */,
				8DA3E44227E6B2FF009B7DC0 /* price4.hpp */,
			);
			path = include;
			sourceTree = "<group>";
		};
		8D9F487927EF9092005E7204 /* src */ = {
			isa = PBXGroup;
			children = (
				8DA3E42A27E6AE8B009B7DC0 /* price4.cpp */,
				8DA3E42927E6AE8B009B7DC0 /* datapublisher.cpp */,
				8DA3E42B27E6AE8B009B7DC0 /* matchingengine.cpp */,
				8DA3E42C27E6AE8B009B7DC0 /* order.cpp */,
				8D9F487327E6EF00005E7204 /* main.cpp */,
			);
			path = src;
			sourceTree = "<group>";
		};
		8DA3E44827E6B7C4009B7DC0 /* Frameworks */ = {
			isa = PBXGroup;
			children = (
			);
			name = Frameworks;
			sourceTree = "<group>";
		};
		8DA3E44E27E6BC5D009B7DC0 /* Unittest */ = {
			isa = PBXGroup;
			children = (
				8DA3E45427E6BD55009B7DC0 /* price4_unittest.cpp */,
			);
			path = Unittest;
			sourceTree = "<group>";
		};
/* End PBXGroup section */

/* Begin PBXNativeTarget section */
		8D81CBB627D538AA00031DCA /* FinancialExchange */ = {
			isa = PBXNativeTarget;
			buildConfigurationList = 8D81CBBE27D538AA00031DCA /* Build configuration list for PBXNativeTarget "FinancialExchange" */;
			buildPhases = (
				8D81CBB327D538AA00031DCA /* Sources */,
				8D81CBB427D538AA00031DCA /* Frameworks */,
				8D81CBB527D538AA00031DCA /* CopyFiles */,
			);
			buildRules = (
			);
			dependencies = (
			);
			name = FinancialExchange;
			productName = FinancialExchange;
			productReference = 8D81CBB727D538AA00031DCA /* FinancialExchange */;
			productType = "com.apple.product-type.tool";
		};
		8DA3E44C27E6BC5D009B7DC0 /* Unittest */ = {
			isa = PBXNativeTarget;
			buildConfigurationList = 8DA3E45127E6BC5D009B7DC0 /* Build configuration list for PBXNativeTarget "Unittest" */;
			buildPhases = (
				8DA3E44927E6BC5D009B7DC0 /* Sources */,
				8DA3E44A27E6BC5D009B7DC0 /* Frameworks */,
				8DA3E44B27E6BC5D009B7DC0 /* CopyFiles */,
			);
			buildRules = (
			);
			dependencies = (
			);
			name = Unittest;
			productName = Unittest;
			productReference = 8DA3E44D27E6BC5D009B7DC0 /* Unittest */;
			productType = "com.apple.product-type.tool";
		};
/* End PBXNativeTarget section */

/* Begin PBXProject section */
		8D81CBAF27D538AA00031DCA /* Project object */ = {
			isa = PBXProject;
			attributes = {
				BuildIndependentTargetsInParallel = 1;
				LastUpgradeCheck = 1320;
				TargetAttributes = {
					8D81CBB627D538AA00031DCA = {
						CreatedOnToolsVersion = 13.2.1;
					};
					8DA3E44C27E6BC5D009B7DC0 = {
						CreatedOnToolsVersion = 13.2.1;
					};
				};
			};
			buildConfigurationList = 8D81CBB227D538AA00031DCA /* Build configuration list for PBXProject "FinancialExchange" */;
			compatibilityVersion = "Xcode 13.0";
			developmentRegion = en;
			hasScannedForEncodings = 0;
			knownRegions = (
				en,
				Base,
			);
			mainGroup = 8D81CBAE27D538AA00031DCA;
			productRefGroup = 8D81CBB827D538AA00031DCA /* Products */;
			projectDirPath = "";
			projectRoot = "";
			targets = (
				8D81CBB627D538AA00031DCA /* FinancialExchange */,
				8DA3E44C27E6BC5D009B7DC0 /* Unittest */,
			);
		};
/* End PBXProject section */

/* Begin PBXSourcesBuildPhase section */
		8D81CBB327D538AA00031DCA /* Sources */ = {
			isa = PBXSourcesBuildPhase;
			buildActionMask = 2147483647;
			files = (
				8DA3E43627E6B03A009B7DC0 /* datapublisher.cpp in Sources */,
				8DA3E43827E6B03A009B7DC0 /* matchingengine.cpp in Sources */,
				8DA3E43927E6B03A009B7DC0 /* order.cpp in Sources */,
				8D99590127EFCC5E00992176 /* main.cpp in Sources */,
				8DA3E43A27E6B03A009B7DC0 /* price4.cpp in Sources */,
			);
			runOnlyForDeploymentPostprocessing = 0;
		};
		8DA3E44927E6BC5D009B7DC0 /* Sources */ = {
			isa = PBXSourcesBuildPhase;
			buildActionMask = 2147483647;
			files = (
				8D99590227EFCCF300992176 /* price4.cpp in Sources */,
				8D9F487E27EFB1BB005E7204 /* price4_unittest.cpp in Sources */,
			);
			runOnlyForDeploymentPostprocessing = 0;
		};
/* End PBXSourcesBuildPhase section */

/* Begin XCBuildConfiguration section */
		8D81CBBC27D538AA00031DCA /* Debug */ = {
			isa = XCBuildConfiguration;
			buildSettings = {
				ALWAYS_SEARCH_USER_PATHS = NO;
				CLANG_ANALYZER_NONNULL = YES;
				CLANG_ANALYZER_NUMBER_OBJECT_CONVERSION = YES_AGGRESSIVE;
				CLANG_CXX_LANGUAGE_STANDARD = "gnu++17";
				CLANG_CXX_LIBRARY = "libc++";
				CLANG_ENABLE_MODULES = YES;
				CLANG_ENABLE_OBJC_ARC = YES;
				CLANG_ENABLE_OBJC_WEAK = YES;
				CLANG_WARN_BLOCK_CAPTURE_AUTORELEASING = YES;
				CLANG_WARN_BOOL_CONVERSION = YES;
				CLANG_WARN_COMMA = YES;
				CLANG_WARN_CONSTANT_CONVERSION = YES;
				CLANG_WARN_DEPRECATED_OBJC_IMPLEMENTATIONS = YES;
				CLANG_WARN_DIRECT_OBJC_ISA_USAGE = YES_ERROR;
				CLANG_WARN_DOCUMENTATION_COMMENTS = YES;
				CLANG_WARN_EMPTY_BODY = YES;
				CLANG_WARN_ENUM_CONVERSION = YES;
				CLANG_WARN_INFINITE_RECURSION = YES;
				CLANG_WARN_INT_CONVERSION = YES;
				CLANG_WARN_NON_LITERAL_NULL_CONVERSION = YES;
				CLANG_WARN_OBJC_IMPLICIT_RETAIN_SELF = YES;
				CLANG_WARN_OBJC_LITERAL_CONVERSION = YES;
				CLANG_WARN_OBJC_ROOT_CLASS = YES_ERROR;
				CLANG_WARN_QUOTED_INCLUDE_IN_FRAMEWORK_HEADER = YES;
				CLANG_WARN_RANGE_LOOP_ANALYSIS = YES;
				CLANG_WARN_STRICT_PROTOTYPES = YES;
				CLANG_WARN_SUSPICIOUS_MOVE = YES;
				CLANG_WARN_UNGUARDED_AVAILABILITY = YES_AGGRESSIVE;
				CLANG_WARN_UNREACHABLE_CODE = YES;
				CLANG_WARN__DUPLICATE_METHOD_MATCH = YES;
				COPY_PHASE_STRIP = NO;
				DEBUG_INFORMATION_FORMAT = dwarf;
				ENABLE_STRICT_OBJC_MSGSEND = YES;
				ENABLE_TESTABILITY = YES;
				GCC_C_LANGUAGE_STANDARD = gnu11;
				GCC_DYNAMIC_NO_PIC = NO;
				GCC_NO_COMMON_BLOCKS = YES;
				GCC_OPTIMIZATION_LEVEL = 0;
				GCC_PREPROCESSOR_DEFINITIONS = (
					"DEBUG=1",
					"$(inherited)",
				);
				GCC_WARN_64_TO_32_BIT_CONVERSION = YES;
				GCC_WARN_ABOUT_RETURN_TYPE = YES_ERROR;
				GCC_WARN_UNDECLARED_SELECTOR = YES;
				GCC_WARN_UNINITIALIZED_AUTOS = YES_AGGRESSIVE;
				GCC_WARN_UNUSED_FUNCTION = YES;
				GCC_WARN_UNUSED_VARIABLE = YES;
				MACOSX_DEPLOYMENT_TARGET = 11.5;
				MTL_ENABLE_DEBUG_INFO = INCLUDE_SOURCE;
				MTL_FAST_MATH = YES;
				ONLY_ACTIVE_ARCH = YES;
				SDKROOT = macosx;
			};
			name = Debug;
		};
		8D81CBBD27D538AA00031DCA /* Release */ = {
			isa = XCBuildConfiguration;
			buildSettings = {
				ALWAYS_SEARCH_USER_PATHS = NO;
				CLANG_ANALYZER_NONNULL = YES;
				CLANG_ANALYZER_NUMBER_OBJECT_CONVERSION = YES_AGGRESSIVE;
				CLANG_CXX_LANGUAGE_STANDARD = "gnu++17";
				CLANG_CXX_LIBRARY = "libc++";
				CLANG_ENABLE_MODULES = YES;
				CLANG_ENABLE_OBJC_ARC = YES;
				CLANG_ENABLE_OBJC_WEAK = YES;
				CLANG_WARN_BLOCK_CAPTURE_AUTORELEASING = YES;
				CLANG_WARN_BOOL_CONVERSION = YES;
				CLANG_WARN_COMMA = YES;
				CLANG_WARN_CONSTANT_CONVERSION = YES;
				CLANG_WARN_DEPRECATED_OBJC_IMPLEMENTATIONS = YES;
				CLANG_WARN_DIRECT_OBJC_ISA_USAGE = YES_ERROR;
				CLANG_WARN_DOCUMENTATION_COMMENTS = YES;
				CLANG_WARN_EMPTY_BODY = YES;
				CLANG_WARN_ENUM_CONVERSION = YES;
				CLANG_WARN_INFINITE_RECURSION = YES;
				CLANG_WARN_INT_CONVERSION = YES;
				CLANG_WARN_NON_LITERAL_NULL_CONVERSION = YES;
				CLANG_WARN_OBJC_IMPLICIT_RETAIN_SELF = YES;
				CLANG_WARN_OBJC_LITERAL_CONVERSION = YES;
				CLANG_WARN_OBJC_ROOT_CLASS = YES_ERROR;
				CLANG_WARN_QUOTED_INCLUDE_IN_FRAMEWORK_HEADER = YES;
				CLANG_WARN_RANGE_LOOP_ANALYSIS = YES;
				CLANG_WARN_STRICT_PROTOTYPES = YES;
				CLANG_WARN_SUSPICIOUS_MOVE = YES;
				CLANG_WARN_UNGUARDED_AVAILABILITY = YES_AGGRESSIVE;
				CLANG_WARN_UNREACHABLE_CODE = YES;
				CLANG_WARN__DUPLICATE_METHOD_MATCH = YES;
				COPY_PHASE_STRIP = NO;
				DEBUG_INFORMATION_FORMAT = "dwarf-with-dsym";
				ENABLE_NS_ASSERTIONS = NO;
				ENABLE_STRICT_OBJC_MSGSEND = YES;
				GCC_C_LANGUAGE_STANDARD = gnu11;
				GCC_NO_COMMON_BLOCKS = YES;
				GCC_WARN_64_TO_32_BIT_CONVERSION = YES;
				GCC_WARN_ABOUT_RETURN_TYPE = YES_ERROR;
				GCC_WARN_UNDECLARED_SELECTOR = YES;
				GCC_WARN_UNINITIALIZED_AUTOS = YES_AGGRESSIVE;
				GCC_WARN_UNUSED_FUNCTION = YES;
				GCC_WARN_UNUSED_VARIABLE = YES;
				MACOSX_DEPLOYMENT_TARGET = 11.5;
				MTL_ENABLE_DEBUG_INFO = NO;
				MTL_FAST_MATH = YES;
				SDKROOT = macosx;
			};
			name = Release;
		};
		8D81CBBF27D538AA00031DCA /* Debug */ = {
			isa = XCBuildConfiguration;
			buildSettings = {
				ARCHS = "$(ARCHS_STANDARD)";
				CODE_SIGN_STYLE = Automatic;
				DEVELOPMENT_TEAM = G876HU2J39;
				ENABLE_HARDENED_RUNTIME = YES;
				ENABLE_TESTING_SEARCH_PATHS = YES;
				"FRAMEWORK_SEARCH_PATHS[arch=*]" = "/usr/local/lib/**";
				"HEADER_SEARCH_PATHS[arch=*]" = "/usr/local/include/**";
				"INSTALL_PATH[sdk=*]" = /usr/local/include;
				"LIBRARY_SEARCH_PATHS[arch=*]" = "/usr/local/lib/**";
				ONLY_ACTIVE_ARCH = YES;
				"OTHER_LDFLAGS[arch=*]" = (
					"-lgtest_main",
					"-lgtest",
				);
				PRODUCT_NAME = "$(TARGET_NAME)";
			};
			name = Debug;
		};
		8D81CBC027D538AA00031DCA /* Release */ = {
			isa = XCBuildConfiguration;
			buildSettings = {
				ARCHS = "$(ARCHS_STANDARD)";
				CODE_SIGN_STYLE = Automatic;
				DEVELOPMENT_TEAM = G876HU2J39;
				ENABLE_HARDENED_RUNTIME = YES;
				ENABLE_TESTING_SEARCH_PATHS = YES;
				"FRAMEWORK_SEARCH_PATHS[arch=*]" = "/usr/local/lib/**";
				"HEADER_SEARCH_PATHS[arch=*]" = "/usr/local/include/**";
				"INSTALL_PATH[sdk=*]" = /usr/local/include;
				"LIBRARY_SEARCH_PATHS[arch=*]" = "/usr/local/lib/**";
				"OTHER_LDFLAGS[arch=*]" = (
					"-lgtest",
					"-lgtest_main",
				);
				PRODUCT_NAME = "$(TARGET_NAME)";
			};
			name = Release;
		};
		8DA3E45227E6BC5D009B7DC0 /* Debug */ = {
			isa = XCBuildConfiguration;
			buildSettings = {
				ARCHS = "$(ARCHS_STANDARD)";
				CODE_SIGN_STYLE = Automatic;
				DEVELOPMENT_TEAM = G876HU2J39;
				ENABLE_HARDENED_RUNTIME = YES;
				ENABLE_TESTING_SEARCH_PATHS = YES;
				"FRAMEWORK_SEARCH_PATHS[arch=*]" = "/usr/local/lib/**";
				"HEADER_SEARCH_PATHS[arch=*]" = "/usr/local/include/**";
				"LIBRARY_SEARCH_PATHS[arch=*]" = "/usr/local/lib/**";
				ONLY_ACTIVE_ARCH = YES;
				"OTHER_LDFLAGS[arch=*]" = (
					"-lgtest",
					"-lgtest_main",
					"-lgmock",
					"$(inherited)",
				);
				PRODUCT_NAME = "$(TARGET_NAME)";
			};
			name = Debug;
		};
		8DA3E45327E6BC5D009B7DC0 /* Release */ = {
			isa = XCBuildConfiguration;
			buildSettings = {
				ARCHS = "$(ARCHS_STANDARD)";
				CODE_SIGN_STYLE = Automatic;
				DEVELOPMENT_TEAM = G876HU2J39;
				ENABLE_HARDENED_RUNTIME = YES;
				ENABLE_TESTING_SEARCH_PATHS = YES;
				"FRAMEWORK_SEARCH_PATHS[arch=*]" = "/usr/local/lib/**";
				"HEADER_SEARCH_PATHS[arch=*]" = "/usr/local/include/**";
				"LIBRARY_SEARCH_PATHS[arch=*]" = "/usr/local/lib/**";
				ONLY_ACTIVE_ARCH = NO;
				"OTHER_LDFLAGS[arch=*]" = (
					"-lgtest",
					"-lgtest_main",
					"-lgmock",
					"$(inherited)",
				);
				PRODUCT_NAME = "$(TARGET_NAME)";
			};
			name = Release;
		};
/* End XCBuildConfiguration section */

/* Begin XCConfigurationList section */
		8D81CBB227D538AA00031DCA /* Build configuration list for PBXProject "FinancialExchange" */ = {
			isa = XCConfigurationList;
			buildConfigurations = (
				8D81CBBC27D538AA00031DCA /* Debug */,
				8D81CBBD27D538AA00031DCA /* Release */,
			);
			defaultConfigurationIsVisible = 0;
			defaultConfigurationName = Release;
		};
		8D81CBBE27D538AA00031DCA /* Build configuration list for PBXNativeTarget "FinancialExchange" */ = {
			isa = XCConfigurationList;
			buildConfigurations = (
				8D81CBBF27D538AA00031DCA /* Debug */,
				8D81CBC027D538AA00031DCA /* Release */,
			);
			defaultConfigurationIsVisible = 0;
			defaultConfigurationName = Release;
		};
		8DA3E45127E6BC5D009B7DC0 /* Build configuration list for PBXNativeTarget "Unittest" */ = {
			isa = XCConfigurationList;
			buildConfigurations = (
				8DA3E45227E6BC5D009B7DC0 /* Debug */,
				8DA3E45327E6BC5D009B7DC0 /* Release */,
			);
			defaultConfigurationIsVisible = 0;
			defaultConfigurationName = Release;
		};
/* End XCConfigurationList section */
	};
	rootObject = 8D81CBAF27D538AA00031DCA /* Project object */;
}
